{
  "requires": true,
  "lockfileVersion": 1,
  "dependencies": {
    "jquery": {
      "version": "3.4.1",
      "resolved": "https://registry.npmjs.org/jquery/-/jquery-3.4.1.tgz",
      "integrity": "sha512-36+AdBzCL+y6qjw5Tx7HgzeGCzC81MDDgaUP8ld2zhx58HdqXGoBd+tHdrBMiyjGQs0Hxs/MLZTu/eHNJJuWPw=="
    },
    "jstree": {
      "version": "3.3.9",
      "resolved": "https://registry.npmjs.org/jstree/-/jstree-3.3.9.tgz",
      "integrity": "sha512-jRIbhg+BHrIs1Wm6oiJt3oKTVBE6sWS0PCp2/RlkIUqsLUPWUYgV3q8LfKoi1/E+YMzGtP6BuK4okk+0mwfmhQ==",
      "requires": {
        "jquery": ">=1.9.1"
      }
    }
  }
}
